{
    "_readme": [
        "This file locks the dependencies of your project to a known state",
        "Read more about it at https://getcomposer.org/doc/01-basic-usage.md#composer-lock-the-lock-file",
        "This file is @generated automatically"
    ],
    "hash": "b5cc0f2825483b2a7d924f682c38bda4",
    "content-hash": "1741aa7b3480bde664e99c2b3f8185b0",
    "packages": [
        {
            "name": "calderawp/dismissible-notice",
            "version": "dev-master",
            "source": {
                "type": "git",
                "url": "https://github.com/CalderaWP/dismissible_notice.git",
                "reference": "26a0a00cced207464eb005d2eeb3ab93727363d3"
            },
            "dist": {
                "type": "zip",
                "url": "https://api.github.com/repos/CalderaWP/dismissible_notice/zipball/26a0a00cced207464eb005d2eeb3ab93727363d3",
                "reference": "26a0a00cced207464eb005d2eeb3ab93727363d3",
                "shasum": ""
            },
            "type": "library",
            "notification-url": "https://packagist.org/downloads/",
            "license": [
                "GPL v2+"
            ],
            "authors": [
                {
                    "name": "Josh Pollock",
                    "email": "Josh@JoshPress.net"
                }
            ],
            "description": "Creates a dismissible--via AJAX--admin nag.",
            "time": "2015-08-24 20:27:16"
        },
        {
            "name": "calderawp/magic-tags",
            "version": "dev-master",
            "source": {
                "type": "git",
                "url": "https://github.com/CalderaWP/magic-tags.git",
                "reference": "98a84b61de00f9bc7355ffa7b629c7d52897dc91"
            },
            "dist": {
                "type": "zip",
                "url": "https://api.github.com/repos/CalderaWP/magic-tags/zipball/98a84b61de00f9bc7355ffa7b629c7d52897dc91",
                "reference": "98a84b61de00f9bc7355ffa7b629c7d52897dc91",
                "shasum": ""
            },
            "require": {
                "php": ">=5.3.0"
            },
            "type": "library",
            "autoload": {
                "psr-4": {
                    "calderawp\\filter\\": "src"
                }
            },
            "notification-url": "https://packagist.org/downloads/",
            "license": [
                "GPL-2.0+"
            ],
            "authors": [
                {
                    "name": "David Cramer",
                    "homepage": "http://cramer.co.za",
                    "role": "Lead Developer"
                },
                {
                    "name": "Josh Pollock",
                    "email": "Josh@JoshPress.net",
                    "homepage": "http://joshpress.net",
                    "role": "Developer"
                }
            ],
            "description": "Magic Tag rendering system.",
            "keywords": [
                "magic_tags",
                "wordpress"
            ],
            "time": "2015-06-28 00:29:47"
        }
    ],
    "packages-dev": [],
    "aliases": [],
    "minimum-stability": "stable",
    "stability-flags": {
        "calderawp/magic-tags": 20,
        "calderawp/dismissible-notice": 20
    },
    "prefer-stable": false,
    "prefer-lowest": false,
    "platform": {
        "php": ">=5.3.0"
    },
    "platform-dev": []
}
